// !$*UTF8*$!
{
	archiveVersion = 1;
	classes = {
	};
	objectVersion = 46;
	objects = {

/* Begin PBXBuildFile section */
		C05F3DA81B58AE2500C018A0 /* AppDelegate.swift in Sources */ = {isa = PBXBuildFile; fileRef = C05F3DA71B58AE2500C018A0 /* AppDelegate.swift */; };
		C05F3DAA1B58AE2500C018A0 /* ViewController.swift in Sources */ = {isa = PBXBuildFile; fileRef = C05F3DA91B58AE2500C018A0 /* ViewController.swift */; };
		C05F3DAD1B58AE2500C018A0 /* Main.storyboard in Resources */ = {isa = PBXBuildFile; fileRef = C05F3DAB1B58AE2500C018A0 /* Main.storyboard */; };
		C05F3DAF1B58AE2500C018A0 /* Images.xcassets in Resources */ = {isa = PBXBuildFile; fileRef = C05F3DAE1B58AE2500C018A0 /* Images.xcassets */; };
		C05F3DB21B58AE2500C018A0 /* LaunchScreen.xib in Resources */ = {isa = PBXBuildFile; fileRef = C05F3DB01B58AE2500C018A0 /* LaunchScreen.xib */; };
		C05F3DBE1B58AE2500C018A0 /* LionsAndTigersAppTests.swift in Sources */ = {isa = PBXBuildFile; fileRef = C05F3DBD1B58AE2500C018A0 /* LionsAndTigersAppTests.swift */; };
/* End PBXBuildFile section */

/* Begin PBXContainerItemProxy section */
		C05F3DB81B58AE2500C018A0 /* PBXContainerItemProxy */ = {
			isa = PBXContainerItemProxy;
			containerPortal = C05F3D9A1B58AE2500C018A0 /* Project object */;
			proxyType = 1;
			remoteGlobalIDString = C05F3DA11B58AE2500C018A0;
			remoteInfo = LionsAndTigersApp;
		};
/* End PBXContainerItemProxy section */

/* Begin PBXFileReference section */
		C05F3DA21B58AE2500C018A0 /* LionsAndTigersApp.app */ = {isa = PBXFileReference; explicitFileType = wrapper.application; includeInIndex = 0; path = LionsAndTigersApp.app; sourceTree = BUILT_PRODUCTS_DIR; };
		C05F3DA61B58AE2500C018A0 /* Info.plist */ = {isa = PBXFileReference; lastKnownFileType = text.plist.xml; path = Info.plist; sourceTree = "<group>"; };
		C05F3DA71B58AE2500C018A0 /* AppDelegate.swift */ = {isa = PBXFileReference; lastKnownFileType = sourcecode.swift; path = AppDelegate.swift; sourceTree = "<group>"; };
		C05F3DA91B58AE2500C018A0 /* ViewController.swift */ = {isa = PBXFileReference; lastKnownFileType = sourcecode.swift; path = ViewController.swift; sourceTree = "<group>"; };
		C05F3DAC1B58AE2500C018A0 /* Base */ = {isa = PBXFileReference; lastKnownFileType = file.storyboard; name = Base; path = Base.lproj/Main.storyboard; sourceTree = "<group>"; };
		C05F3DAE1B58AE2500C018A0 /* Images.xcassets */ = {isa = PBXFileReference; lastKnownFileType = folder.assetcatalog; path = Images.xcassets; sourceTree = "<group>"; };
		C05F3DB11B58AE2500C018A0 /* Base */ = {isa = PBXFileReference; lastKnownFileType = file.xib; name = Base; path = Base.lproj/LaunchScreen.xib; sourceTree = "<group>"; };
		C05F3DB71B58AE2500C018A0 /* LionsAndTigersAppTests.xctest */ = {isa = PBXFileReference; explicitFileType = wrapper.cfbundle; includeInIndex = 0; path = LionsAndTigersAppTests.xctest; sourceTree = BUILT_PRODUCTS_DIR; };
		C05F3DBC1B58AE2500C018A0 /* Info.plist */ = {isa = PBXFileReference; lastKnownFileType = text.plist.xml; path = Info.plist; sourceTree = "<group>"; };
		C05F3DBD1B58AE2500C018A0 /* LionsAndTigersAppTests.swift */ = {isa = PBXFileReference; lastKnownFileType = sourcecode.swift; path = LionsAndTigersAppTests.swift; sourceTree = "<group>"; };
/* End PBXFileReference section */

/* Begin PBXFrameworksBuildPhase section */
		C05F3D9F1B58AE2500C018A0 /* Frameworks */ = {
			isa = PBXFrameworksBuildPhase;
			buildActionMask = 2147483647;
			files = (
			);
			runOnlyForDeploymentPostprocessing = 0;
		};
		C05F3DB41B58AE2500C018A0 /* Frameworks */ = {
			isa = PBXFrameworksBuildPhase;
			buildActionMask = 2147483647;
			files = (
			);
			runOnlyForDeploymentPostprocessing = 0;
		};
/* End PBXFrameworksBuildPhase section */

/* Begin PBXGroup section */
		C05F3D991B58AE2500C018A0 = {
			isa = PBXGroup;
			children = (
				C05F3DA41B58AE2500C018A0 /* LionsAndTigersApp */,
				C05F3DBA1B58AE2500C018A0 /* LionsAndTigersAppTests */,
				C05F3DA31B58AE2500C018A0 /* Products */,
			);
			sourceTree = "<group>";
		};
		C05F3DA31B58AE2500C018A0 /* Products */ = {
			isa = PBXGroup;
			children = (
				C05F3DA21B58AE2500C018A0 /* LionsAndTigersApp.app */,
				C05F3DB71B58AE2500C018A0 /* LionsAndTigersAppTests.xctest */,
			);
			name = Products;
			sourceTree = "<group>";
		};
		C05F3DA41B58AE2500C018A0 /* LionsAndTigersApp */ = {
			isa = PBXGroup;
			children = (
				C05F3DA71B58AE2500C018A0 /* AppDelegate.swift */,
				C05F3DA91B58AE2500C018A0 /* ViewController.swift */,
				C05F3DAB1B58AE2500C018A0 /* Main.storyboard */,
				C05F3DAE1B58AE2500C018A0 /* Images.xcassets */,
				C05F3DB01B58AE2500C018A0 /* LaunchScreen.xib */,
				C05F3DA51B58AE2500C018A0 /* Supporting Files */,
			);
			path = LionsAndTigersApp;
			sourceTree = "<group>";
		};
		C05F3DA51B58AE2500C018A0 /* Supporting Files */ = {
			isa = PBXGroup;
			children = (
				C05F3DA61B58AE2500C018A0 /* Info.plist */,
			);
			name = "Supporting Files";
			sourceTree = "<group>";
		};
		C05F3DBA1B58AE2500C018A0 /* LionsAndTigersAppTests */ = {
			isa = PBXGroup;
			children = (
				C05F3DBD1B58AE2500C018A0 /* LionsAndTigersAppTests.swift */,
				C05F3DBB1B58AE2500C018A0 /* Supporting Files */,
			);
			path = LionsAndTigersAppTests;
			sourceTree = "<group>";
		};
		C05F3DBB1B58AE2500C018A0 /* Supporting Files */ = {
			isa = PBXGroup;
			children = (
				C05F3DBC1B58AE2500C018A0 /* Info.plist */,
			);
			name = "Supporting Files";
			sourceTree = "<group>";
		};
/* End PBXGroup section */

/* Begin PBXNativeTarget section */
		C05F3DA11B58AE2500C018A0 /* LionsAndTigersApp */ = {
			isa = PBXNativeTarget;
			buildConfigurationList = C05F3DC11B58AE2500C018A0 /* Build configuration list for PBXNativeTarget "LionsAndTigersApp" */;
			buildPhases = (
				C05F3D9E1B58AE2500C018A0 /* Sources */,
				C05F3D9F1B58AE2500C018A0 /* Frameworks */,
				C05F3DA01B58AE2500C018A0 /* Resources */,
			);
			buildRules = (
			);
			dependencies = (
			);
			name = LionsAndTigersApp;
			productName = LionsAndTigersApp;
			productReference = C05F3DA21B58AE2500C018A0 /* LionsAndTigersApp.app */;
			productType = "com.apple.product-type.application";
		};
		C05F3DB61B58AE2500C018A0 /* LionsAndTigersAppTests */ = {
			isa = PBXNativeTarget;
			buildConfigurationList = C05F3DC41B58AE2500C018A0 /* Build configuration list for PBXNativeTarget "LionsAndTigersAppTests" */;
			buildPhases = (
				C05F3DB31B58AE2500C018A0 /* Sources */,
				C05F3DB41B58AE2500C018A0 /* Frameworks */,
				C05F3DB51B58AE2500C018A0 /* Resources */,
			);
			buildRules = (
			);
			dependencies = (
				C05F3DB91B58AE2500C018A0 /* PBXTargetDependency */,
			);
			name = LionsAndTigersAppTests;
			productName = LionsAndTigersAppTests;
			productReference = C05F3DB71B58AE2500C018A0 /* LionsAndTigersAppTests.xctest */;
			productType = "com.apple.product-type.bundle.unit-test";
		};
/* End PBXNativeTarget section */

/* Begin PBXProject section */
		C05F3D9A1B58AE2500C018A0 /* Project object */ = {
			isa = PBXProject;
			attributes = {
				LastUpgradeCheck = 0640;
				ORGANIZATIONNAME = "Mary Grace Lucas";
				TargetAttributes = {
					C05F3DA11B58AE2500C018A0 = {
						CreatedOnToolsVersion = 6.4;
					};
					C05F3DB61B58AE2500C018A0 = {
						CreatedOnToolsVersion = 6.4;
						TestTargetID = C05F3DA11B58AE2500C018A0;
					};
				};
			};
			buildConfigurationList = C05F3D9D1B58AE2500C018A0 /* Build configuration list for PBXProject "LionsAndTigersApp" */;
			compatibilityVersion = "Xcode 3.2";
			developmentRegion = English;
			hasScannedForEncodings = 0;
			knownRegions = (
				en,
				Base,
			);
			mainGroup = C05F3D991B58AE2500C018A0;
			productRefGroup = C05F3DA31B58AE2500C018A0 /* Products */;
			projectDirPath = "";
			projectRoot = "";
			targets = (
				C05F3DA11B58AE2500C018A0 /* LionsAndTigersApp */,
				C05F3DB61B58AE2500C018A0 /* LionsAndTigersAppTests */,
			);
		};
/* End PBXProject section */

/* Begin PBXResourcesBuildPhase section */
		C05F3DA01B58AE2500C018A0 /* Resources */ = {
			isa = PBXResourcesBuildPhase;
			buildActionMask = 2147483647;
			files = (
				C05F3DAD1B58AE2500C018A0 /* Main.storyboard in Resources */,
				C05F3DB21B58AE2500C018A0 /* LaunchScreen.xib in Resources */,
				C05F3DAF1B58AE2500C018A0 /* Images.xcassets in Resources */,
			);
			runOnlyForDeploymentPostprocessing = 0;
		};
		C05F3DB51B58AE2500C018A0 /* Resources */ = {
			isa = PBXResourcesBuildPhase;
			buildActionMask = 2147483647;
			files = (
			);
			runOnlyForDeploymentPostprocessing = 0;
		};
/* End PBXResourcesBuildPhase section */

/* Begin PBXSourcesBuildPhase section */
		C05F3D9E1B58AE2500C018A0 /* Sources */ = {
			isa = PBXSourcesBuildPhase;
			buildActionMask = 2147483647;
			files = (
				C05F3DAA1B58AE2500C018A0 /* ViewController.swift in Sources */,
				C05F3DA81B58AE2500C018A0 /* AppDelegate.swift in Sources */,
			);
			runOnlyForDeploymentPostprocessing = 0;
		};
		C05F3DB31B58AE2500C018A0 /* Sources */ = {
			isa = PBXSourcesBuildPhase;
			buildActionMask = 2147483647;
			files = (
				C05F3DBE1B58AE2500C018A0 /* LionsAndTigersAppTests.swift in Sources */,
			);
			runOnlyForDeploymentPostprocessing = 0;
		};
/* End PBXSourcesBuildPhase section */

/* Begin PBXTargetDependency section */
		C05F3DB91B58AE2500C018A0 /* PBXTargetDependency */ = {
			isa = PBXTargetDependency;
			target = C05F3DA11B58AE2500C018A0 /* LionsAndTigersApp */;
			targetProxy = C05F3DB81B58AE2500C018A0 /* PBXContainerItemProxy */;
		};
/* End PBXTargetDependency section */

/* Begin PBXVariantGroup section */
		C05F3DAB1B58AE2500C018A0 /* Main.storyboard */ = {
			isa = PBXVariantGroup;
			children = (
				C05F3DAC1B58AE2500C018A0 /* Base */,
			);
			name = Main.storyboard;
			sourceTree = "<group>";
		};
		C05F3DB01B58AE2500C018A0 /* LaunchScreen.xib */ = {
			isa = PBXVariantGroup;
			children = (
				C05F3DB11B58AE2500C018A0 /* Base */,
			);
			name = LaunchScreen.xib;
			sourceTree = "<group>";
		};
/* End PBXVariantGroup section */

/* Begin XCBuildConfiguration section */
		C05F3DBF1B58AE2500C018A0 /* Debug */ = {
			isa = XCBuildConfiguration;
			buildSettings = {
				ALWAYS_SEARCH_USER_PATHS = NO;
				CLANG_CXX_LANGUAGE_STANDARD = "gnu++0x";
				CLANG_CXX_LIBRARY = "libc++";
				CLANG_ENABLE_MODULES = YES;
				CLANG_ENABLE_OBJC_ARC = YES;
				CLANG_WARN_BOOL_CONVERSION = YES;
				CLANG_WARN_CONSTANT_CONVERSION = YES;
				CLANG_WARN_DIRECT_OBJC_ISA_USAGE = YES_ERROR;
				CLANG_WARN_EMPTY_BODY = YES;
				CLANG_WARN_ENUM_CONVERSION = YES;
				CLANG_WARN_INT_CONVERSION = YES;
				CLANG_WARN_OBJC_ROOT_CLASS = YES_ERROR;
				CLANG_WARN_UNREACHABLE_CODE = YES;
				CLANG_WARN__DUPLICATE_METHOD_MATCH = YES;
				"CODE_SIGN_IDENTITY[sdk=iphoneos*]" = "iPhone Developer";
				COPY_PHASE_STRIP = NO;
				DEBUG_INFORMATION_FORMAT = "dwarf-with-dsym";
				ENABLE_STRICT_OBJC_MSGSEND = YES;
				GCC_C_LANGUAGE_STANDARD = gnu99;
				GCC_DYNAMIC_NO_PIC = NO;
				GCC_NO_COMMON_BLOCKS = YES;
				GCC_OPTIMIZATION_LEVEL = 0;
				GCC_PREPROCESSOR_DEFINITIONS = (
					"DEBUG=1",
					"$(inherited)",
				);
				GCC_SYMBOLS_PRIVATE_EXTERN = NO;
				GCC_WARN_64_TO_32_BIT_CONVERSION = YES;
				GCC_WARN_ABOUT_RETURN_TYPE = YES_ERROR;
				GCC_WARN_UNDECLARED_SELECTOR = YES;
				GCC_WARN_UNINITIALIZED_AUTOS = YES_AGGRESSIVE;
				GCC_WARN_UNUSED_FUNCTION = YES;
				GCC_WARN_UNUSED_VARIABLE = YES;
				IPHONEOS_DEPLOYMENT_TARGET = 8.4;
				MTL_ENABLE_DEBUG_INFO = YES;
				ONLY_ACTIVE_ARCH = YES;
				SDKROOT = iphoneos;
				SWIFT_OPTIMIZATION_LEVEL = "-Onone";
				TARGETED_DEVICE_FAMILY = "1,2";
			};
			name = Debug;
		};
		C05F3DC01B58AE2500C018A0 /* Release */ = {
			isa = XCBuildConfiguration;
			buildSettings = {
				ALWAYS_SEARCH_USER_PATHS = NO;
				CLANG_CXX_LANGUAGE_STANDARD = "gnu++0x";
				CLANG_CXX_LIBRARY = "libc++";
				CLANG_ENABLE_MODULES = YES;
				CLANG_ENABLE_OBJC_ARC = YES;
				CLANG_WARN_BOOL_CONVERSION = YES;
				CLANG_WARN_CONSTANT_CONVERSION = YES;
				CLANG_WARN_DIRECT_OBJC_ISA_USAGE = YES_ERROR;
				CLANG_WARN_EMPTY_BODY = YES;
				CLANG_WARN_ENUM_CONVERSION = YES;
				CLANG_WARN_INT_CONVERSION = YES;
				CLANG_WARN_OBJC_ROOT_CLASS = YES_ERROR;
				CLANG_WARN_UNREACHABLE_CODE = YES;
				CLANG_WARN__DUPLICATE_METHOD_MATCH = YES;
				"CODE_SIGN_IDENTITY[sdk=iphoneos*]" = "iPhone Developer";
				COPY_PHASE_STRIP = NO;
				DEBUG_INFORMATION_FORMAT = "dwarf-with-dsym";
				ENABLE_NS_ASSERTIONS = NO;
				ENABLE_STRICT_OBJC_MSGSEND = YES;
				GCC_C_LANGUAGE_STANDARD = gnu99;
				GCC_NO_COMMON_BLOCKS = YES;
				GCC_WARN_64_TO_32_BIT_CONVERSION = YES;
				GCC_WARN_ABOUT_RETURN_TYPE = YES_ERROR;
				GCC_WARN_UNDECLARED_SELECTOR = YES;
				GCC_WARN_UNINITIALIZED_AUTOS = YES_AGGRESSIVE;
				GCC_WARN_UNUSED_FUNCTION = YES;
				GCC_WARN_UNUSED_VARIABLE = YES;
				IPHONEOS_DEPLOYMENT_TARGET = 8.4;
				MTL_ENABLE_DEBUG_INFO = NO;
				SDKROOT = iphoneos;
				TARGETED_DEVICE_FAMILY = "1,2";
				VALIDATE_PRODUCT = YES;
			};
			name = Release;
		};
		C05F3DC21B58AE2500C018A0 /* Debug */ = {
			isa = XCBuildConfiguration;
			buildSettings = {
				ASSETCATALOG_COMPILER_APPICON_NAME = AppIcon;
				INFOPLIST_FILE = LionsAndTigersApp/Info.plist;
				LD_RUNPATH_SEARCH_PATHS = "$(inherited) @executable_path/Frameworks";
				PRODUCT_NAME = "$(TARGET_NAME)";
			};
			name = Debug;
		};
		C05F3DC31B58AE2500C018A0 /* Release */ = {
			isa = XCBuildConfiguration;
			buildSettings = {
				ASSETCATALOG_COMPILER_APPICON_NAME = AppIcon;
				INFOPLIST_FILE = LionsAndTigersApp/Info.plist;
				LD_RUNPATH_SEARCH_PATHS = "$(inherited) @executable_path/Frameworks";
				PRODUCT_NAME = "$(TARGET_NAME)";
			};
			name = Release;
		};
		C05F3DC51B58AE2500C018A0 /* Debug */ = {
			isa = XCBuildConfiguration;
			buildSettings = {
				BUNDLE_LOADER = "$(TEST_HOST)";
				FRAMEWORK_SEARCH_PATHS = (
					"$(SDKROOT)/Developer/Library/Frameworks",
					"$(inherited)",
				);
				GCC_PREPROCESSOR_DEFINITIONS = (
					"DEBUG=1",
					"$(inherited)",
				);
				INFOPLIST_FILE = LionsAndTigersAppTests/Info.plist;
				LD_RUNPATH_SEARCH_PATHS = "$(inherited) @executable_path/Frameworks @loader_path/Frameworks";
				PRODUCT_NAME = "$(TARGET_NAME)";
				TEST_HOST = "$(BUILT_PRODUCTS_DIR)/LionsAndTigersApp.app/LionsAndTigersApp";
			};
			name = Debug;
		};
		C05F3DC61B58AE2500C018A0 /* Release */ = {
			isa = XCBuildConfiguration;
			buildSettings = {
				BUNDLE_LOADER = "$(TEST_HOST)";
				FRAMEWORK_SEARCH_PATHS = (
					"$(SDKROOT)/Developer/Library/Frameworks",
					"$(inherited)",
				);
				INFOPLIST_FILE = LionsAndTigersAppTests/Info.plist;
				LD_RUNPATH_SEARCH_PATHS = "$(inherited) @executable_path/Frameworks @loader_path/Frameworks";
				PRODUCT_NAME = "$(TARGET_NAME)";
				TEST_HOST = "$(BUILT_PRODUCTS_DIR)/LionsAndTigersApp.app/LionsAndTigersApp";
			};
			name = Release;
		};
/* End XCBuildConfiguration section */

/* Begin XCConfigurationList section */
		C05F3D9D1B58AE2500C018A0 /* Build configuration list for PBXProject "LionsAndTigersApp" */ = {
			isa = XCConfigurationList;
			buildConfigurations = (
				C05F3DBF1B58AE2500C018A0 /* Debug */,
				C05F3DC01B58AE2500C018A0 /* Release */,
			);
			defaultConfigurationIsVisible = 0;
			defaultConfigurationName = Release;
		};
		C05F3DC11B58AE2500C018A0 /* Build configuration list for PBXNativeTarget "LionsAndTigersApp" */ = {
			isa = XCConfigurationList;
			buildConfigurations = (
				C05F3DC21B58AE2500C018A0 /* Debug */,
				C05F3DC31B58AE2500C018A0 /* Release */,
			);
			defaultConfigurationIsVisible = 0;
		};
		C05F3DC41B58AE2500C018A0 /* Build configuration list for PBXNativeTarget "LionsAndTigersAppTests" */ = {
			isa = XCConfigurationList;
			buildConfigurations = (
				C05F3DC51B58AE2500C018A0 /* Debug */,
				C05F3DC61B58AE2500C018A0 /* Release */,
			);
			defaultConfigurationIsVisible = 0;
		};
/* End XCConfigurationList section */
	};
	rootObject = C05F3D9A1B58AE2500C018A0 /* Project object */;
}
